
Microsoft Visual Studio Solution File, Format Version 12.00
# Visual Studio 2013
VisualStudioVersion = 12.0.40629.0
MinimumVisualStudioVersion = 10.0.40219.1
Project("{FAE04EC0-301F-11D3-BF4B-00C04F79EFBC}") = "RelaxLittle.IOC", "RelaxLitte.IOC\RelaxLittle.IOC.csproj", "{595182B6-D17D-41E9-BC6A-3775008F06EF}"
EndProject
Project("{FAE04EC0-301F-11D3-BF4B-00C04F79EFBC}") = "RelaxLittle.InstanceConversion", "RelaxLitte.InstanceConversion\RelaxLittle.InstanceConversion.csproj", "{510CB7A1-669E-44CC-B49A-3A21F72FDCE4}"
EndProject
Project("{FAE04EC0-301F-11D3-BF4B-00C04F79EFBC}") = "RelaxLittle.IOC.Tests", "RelaxLitte.IOC.Tests\RelaxLittle.IOC.Tests.csproj", "{4652BE53-E220-4714-B08A-B674F00BD8A1}"
EndProject
Global
	GlobalSection(SolutionConfigurationPlatforms) = preSolution
		Debug|Any CPU = Debug|Any CPU
		Release|Any CPU = Release|Any CPU
	EndGlobalSection
	GlobalSection(ProjectConfigurationPlatforms) = postSolution
		{595182B6-D17D-41E9-BC6A-3775008F06EF}.Debug|Any CPU.ActiveCfg = Debug|Any CPU
		{595182B6-D17D-41E9-BC6A-3775008F06EF}.Debug|Any CPU.Build.0 = Debug|Any CPU
		{595182B6-D17D-41E9-BC6A-3775008F06EF}.Release|Any CPU.ActiveCfg = Release|Any CPU
		{595182B6-D17D-41E9-BC6A-3775008F06EF}.Release|Any CPU.Build.0 = Release|Any CPU
		{510CB7A1-669E-44CC-B49A-3A21F72FDCE4}.Debug|Any CPU.ActiveCfg = Debug|Any CPU
		{510CB7A1-669E-44CC-B49A-3A21F72FDCE4}.Debug|Any CPU.Build.0 = Debug|Any CPU
		{510CB7A1-669E-44CC-B49A-3A21F72FDCE4}.Release|Any CPU.ActiveCfg = Release|Any CPU
		{510CB7A1-669E-44CC-B49A-3A21F72FDCE4}.Release|Any CPU.Build.0 = Release|Any CPU
		{4652BE53-E220-4714-B08A-B674F00BD8A1}.Debug|Any CPU.ActiveCfg = Debug|Any CPU
		{4652BE53-E220-4714-B08A-B674F00BD8A1}.Debug|Any CPU.Build.0 = Debug|Any CPU
		{4652BE53-E220-4714-B08A-B674F00BD8A1}.Release|Any CPU.ActiveCfg = Release|Any CPU
		{4652BE53-E220-4714-B08A-B674F00BD8A1}.Release|Any CPU.Build.0 = Release|Any CPU
	EndGlobalSection
	GlobalSection(SolutionProperties) = preSolution
		HideSolutionNode = FALSE
	EndGlobalSection
EndGlobal
